
Microsoft Visual Studio Solution File, Format Version 12.00
# Visual Studio Version 16
VisualStudioVersion = 16.0.32002.261
MinimumVisualStudioVersion = 10.0.40219.1
Project("{9A19103F-16F7-4668-BE54-9A1E7A4F7556}") = "FifteenPuzzle", "FifteenPuzzle\FifteenPuzzle.csproj", "{D17B158E-4F53-471C-80D8-91437B1A706D}"
EndProject
Project("{FAE04EC0-301F-11D3-BF4B-00C04F79EFBC}") = "FifteenPuzzleTests", "FifteenPuzzleTests\FifteenPuzzleTests.csproj", "{8CE6728B-0311-4786-93EA-4D91659B584A}"
EndProject
Global
	GlobalSection(SolutionConfigurationPlatforms) = preSolution
		Debug|Any CPU = Debug|Any CPU
		Release|Any CPU = Release|Any CPU
	EndGlobalSection
	GlobalSection(ProjectConfigurationPlatforms) = postSolution
		{D17B158E-4F53-471C-80D8-91437B1A706D}.Debug|Any CPU.ActiveCfg = Debug|Any CPU
		{D17B158E-4F53-471C-80D8-91437B1A706D}.Debug|Any CPU.Build.0 = Debug|Any CPU
		{D17B158E-4F53-471C-80D8-91437B1A706D}.Release|Any CPU.ActiveCfg = Release|Any CPU
		{D17B158E-4F53-471C-80D8-91437B1A706D}.Release|Any CPU.Build.0 = Release|Any CPU
		{8CE6728B-0311-4786-93EA-4D91659B584A}.Debug|Any CPU.ActiveCfg = Debug|Any CPU
		{8CE6728B-0311-4786-93EA-4D91659B584A}.Debug|Any CPU.Build.0 = Debug|Any CPU
		{8CE6728B-0311-4786-93EA-4D91659B584A}.Release|Any CPU.ActiveCfg = Release|Any CPU
		{8CE6728B-0311-4786-93EA-4D91659B584A}.Release|Any CPU.Build.0 = Release|Any CPU
	EndGlobalSection
	GlobalSection(SolutionProperties) = preSolution
		HideSolutionNode = FALSE
	EndGlobalSection
	GlobalSection(ExtensibilityGlobals) = postSolution
		SolutionGuid = {E733FE40-79A2-406C-9ABF-6397F56A7C33}
	EndGlobalSection
EndGlobal
