
Microsoft Visual Studio Solution File, Format Version 12.00
# Visual Studio Version 16
VisualStudioVersion = 16.0.32002.261
MinimumVisualStudioVersion = 10.0.40219.1
Project("{FAE04EC0-301F-11D3-BF4B-00C04F79EFBC}") = "Trades", "Trades\Trades.csproj", "{3656B5D1-ED0B-45D0-A953-2D65711FDE7F}"
EndProject
Global
	GlobalSection(SolutionConfigurationPlatforms) = preSolution
		Debug|Any CPU = Debug|Any CPU
		Release|Any CPU = Release|Any CPU
	EndGlobalSection
	GlobalSection(ProjectConfigurationPlatforms) = postSolution
		{3656B5D1-ED0B-45D0-A953-2D65711FDE7F}.Debug|Any CPU.ActiveCfg = Debug|Any CPU
		{3656B5D1-ED0B-45D0-A953-2D65711FDE7F}.Debug|Any CPU.Build.0 = Debug|Any CPU
		{3656B5D1-ED0B-45D0-A953-2D65711FDE7F}.Release|Any CPU.ActiveCfg = Release|Any CPU
		{3656B5D1-ED0B-45D0-A953-2D65711FDE7F}.Release|Any CPU.Build.0 = Release|Any CPU
	EndGlobalSection
	GlobalSection(SolutionProperties) = preSolution
		HideSolutionNode = FALSE
	EndGlobalSection
	GlobalSection(ExtensibilityGlobals) = postSolution
		SolutionGuid = {9ECBF158-F6D9-4701-9956-A0E5FE6C9FB8}
	EndGlobalSection
EndGlobal
